
Microsoft Visual Studio Solution File, Format Version 12.00
# Visual Studio 15
VisualStudioVersion = 15.0.27004.2002
MinimumVisualStudioVersion = 10.0.40219.1
Project("{8BC9CEB8-8B4A-11D0-8D11-00A0C91BC942}") = "Project3_QueuesSim", "Project3_QueuesSim\Project3_QueuesSim.vcxproj", "{89EA4119-2073-4C86-8AA3-C26932D776D9}"
EndProject
Global
	GlobalSection(SolutionConfigurationPlatforms) = preSolution
		Debug|x64 = Debug|x64
		Debug|x86 = Debug|x86
		Release|x64 = Release|x64
		Release|x86 = Release|x86
	EndGlobalSection
	GlobalSection(ProjectConfigurationPlatforms) = postSolution
		{89EA4119-2073-4C86-8AA3-C26932D776D9}.Debug|x64.ActiveCfg = Debug|x64
		{89EA4119-2073-4C86-8AA3-C26932D776D9}.Debug|x64.Build.0 = Debug|x64
		{89EA4119-2073-4C86-8AA3-C26932D776D9}.Debug|x86.ActiveCfg = Debug|Win32
		{89EA4119-2073-4C86-8AA3-C26932D776D9}.Debug|x86.Build.0 = Debug|Win32
		{89EA4119-2073-4C86-8AA3-C26932D776D9}.Release|x64.ActiveCfg = Release|x64
		{89EA4119-2073-4C86-8AA3-C26932D776D9}.Release|x64.Build.0 = Release|x64
		{89EA4119-2073-4C86-8AA3-C26932D776D9}.Release|x86.ActiveCfg = Release|Win32
		{89EA4119-2073-4C86-8AA3-C26932D776D9}.Release|x86.Build.0 = Release|Win32
	EndGlobalSection
	GlobalSection(SolutionProperties) = preSolution
		HideSolutionNode = FALSE
	EndGlobalSection
	GlobalSection(ExtensibilityGlobals) = postSolution
		SolutionGuid = {C232B4A4-44EB-4604-AC5D-65BB730AD1E4}
	EndGlobalSection
EndGlobal
